
Microsoft Visual Studio Solution File, Format Version 12.00
# Visual Studio Version 17
VisualStudioVersion = 17.5.33530.505
MinimumVisualStudioVersion = 10.0.40219.1
Project("{9A19103F-16F7-4668-BE54-9A1E7A4F7556}") = "HelloCat", "HelloCat\HelloCat.csproj", "{28441E7E-067B-4E60-B2BB-94D06421C697}"
EndProject
Project("{FAE04EC0-301F-11D3-BF4B-00C04F79EFBC}") = "helloui", "helloui\helloui.csproj", "{DB2FA9AB-8627-4125-9B48-518593D7875D}"
EndProject
Global
	GlobalSection(SolutionConfigurationPlatforms) = preSolution
		Debug|Any CPU = Debug|Any CPU
		Release|Any CPU = Release|Any CPU
	EndGlobalSection
	GlobalSection(ProjectConfigurationPlatforms) = postSolution
		{28441E7E-067B-4E60-B2BB-94D06421C697}.Debug|Any CPU.ActiveCfg = Debug|Any CPU
		{28441E7E-067B-4E60-B2BB-94D06421C697}.Debug|Any CPU.Build.0 = Debug|Any CPU
		{28441E7E-067B-4E60-B2BB-94D06421C697}.Release|Any CPU.ActiveCfg = Release|Any CPU
		{28441E7E-067B-4E60-B2BB-94D06421C697}.Release|Any CPU.Build.0 = Release|Any CPU
		{DB2FA9AB-8627-4125-9B48-518593D7875D}.Debug|Any CPU.ActiveCfg = Debug|Any CPU
		{DB2FA9AB-8627-4125-9B48-518593D7875D}.Debug|Any CPU.Build.0 = Debug|Any CPU
		{DB2FA9AB-8627-4125-9B48-518593D7875D}.Release|Any CPU.ActiveCfg = Release|Any CPU
		{DB2FA9AB-8627-4125-9B48-518593D7875D}.Release|Any CPU.Build.0 = Release|Any CPU
	EndGlobalSection
	GlobalSection(SolutionProperties) = preSolution
		HideSolutionNode = FALSE
	EndGlobalSection
	GlobalSection(ExtensibilityGlobals) = postSolution
		SolutionGuid = {221D0879-CF4A-42CF-BA4F-82D5A0BE4968}
	EndGlobalSection
EndGlobal
